
Microsoft Visual Studio Solution File, Format Version 12.00
Project("{2150E333-8FDC-42A3-9474-1A3956D46DE8}") = "MySpace.Api", "MySpace.Api", "{D9505DE6-4113-4DB1-B4C9-30A33651655D}"
	ProjectSection(SolutionItems) = preProject
		MySpace.Api\Dockerfile = MySpace.Api\Dockerfile
	EndProjectSection
EndProject
Project("{2150E333-8FDC-42A3-9474-1A3956D46DE8}") = "SolutionAssets", "SolutionAssets", "{1910A959-5013-4A42-8BBA-ACE17B8C13BB}"
	ProjectSection(SolutionItems) = preProject
		.gitignore = .gitignore
		docker-compose.yaml = docker-compose.yaml
	EndProjectSection
EndProject
Project("{FAE04EC0-301F-11D3-BF4B-00C04F79EFBC}") = "MySpace.Api.Application", "MySpace.Api\MySpace.Api.Application\MySpace.Api.Application.csproj", "{E5F6E7AA-CFA1-4976-A4AA-1D4F5C084927}"
EndProject
Project("{FAE04EC0-301F-11D3-BF4B-00C04F79EFBC}") = "MySpace.Api.Domain", "MySpace.Api\MySpace.Api.Domain\MySpace.Api.Domain.csproj", "{8F0AA0C1-584D-4482-8215-5F9292395C01}"
EndProject
Project("{FAE04EC0-301F-11D3-BF4B-00C04F79EFBC}") = "MySpace.Api.Persistence", "MySpace.Api\MySpace.Api.Persistence\MySpace.Api.Persistence.csproj", "{99B30E5B-BE81-44DD-A953-BBFBF60726D3}"
EndProject
Project("{FAE04EC0-301F-11D3-BF4B-00C04F79EFBC}") = "MySpace.Api.Presentation", "MySpace.Api\MySpace.Api.Presentation\MySpace.Api.Presentation.csproj", "{371EC0AD-1ADB-4250-9395-365094F552E5}"
EndProject
Global
	GlobalSection(SolutionConfigurationPlatforms) = preSolution
		Debug|Any CPU = Debug|Any CPU
		Release|Any CPU = Release|Any CPU
	EndGlobalSection
	GlobalSection(ProjectConfigurationPlatforms) = postSolution
		{E5F6E7AA-CFA1-4976-A4AA-1D4F5C084927}.Debug|Any CPU.ActiveCfg = Debug|Any CPU
		{E5F6E7AA-CFA1-4976-A4AA-1D4F5C084927}.Debug|Any CPU.Build.0 = Debug|Any CPU
		{E5F6E7AA-CFA1-4976-A4AA-1D4F5C084927}.Release|Any CPU.ActiveCfg = Release|Any CPU
		{E5F6E7AA-CFA1-4976-A4AA-1D4F5C084927}.Release|Any CPU.Build.0 = Release|Any CPU
		{8F0AA0C1-584D-4482-8215-5F9292395C01}.Debug|Any CPU.ActiveCfg = Debug|Any CPU
		{8F0AA0C1-584D-4482-8215-5F9292395C01}.Debug|Any CPU.Build.0 = Debug|Any CPU
		{8F0AA0C1-584D-4482-8215-5F9292395C01}.Release|Any CPU.ActiveCfg = Release|Any CPU
		{8F0AA0C1-584D-4482-8215-5F9292395C01}.Release|Any CPU.Build.0 = Release|Any CPU
		{99B30E5B-BE81-44DD-A953-BBFBF60726D3}.Debug|Any CPU.ActiveCfg = Debug|Any CPU
		{99B30E5B-BE81-44DD-A953-BBFBF60726D3}.Debug|Any CPU.Build.0 = Debug|Any CPU
		{99B30E5B-BE81-44DD-A953-BBFBF60726D3}.Release|Any CPU.ActiveCfg = Release|Any CPU
		{99B30E5B-BE81-44DD-A953-BBFBF60726D3}.Release|Any CPU.Build.0 = Release|Any CPU
		{371EC0AD-1ADB-4250-9395-365094F552E5}.Debug|Any CPU.ActiveCfg = Debug|Any CPU
		{371EC0AD-1ADB-4250-9395-365094F552E5}.Debug|Any CPU.Build.0 = Debug|Any CPU
		{371EC0AD-1ADB-4250-9395-365094F552E5}.Release|Any CPU.ActiveCfg = Release|Any CPU
		{371EC0AD-1ADB-4250-9395-365094F552E5}.Release|Any CPU.Build.0 = Release|Any CPU
	EndGlobalSection
	GlobalSection(NestedProjects) = preSolution
		{E5F6E7AA-CFA1-4976-A4AA-1D4F5C084927} = {D9505DE6-4113-4DB1-B4C9-30A33651655D}
		{8F0AA0C1-584D-4482-8215-5F9292395C01} = {D9505DE6-4113-4DB1-B4C9-30A33651655D}
		{99B30E5B-BE81-44DD-A953-BBFBF60726D3} = {D9505DE6-4113-4DB1-B4C9-30A33651655D}
		{371EC0AD-1ADB-4250-9395-365094F552E5} = {D9505DE6-4113-4DB1-B4C9-30A33651655D}
	EndGlobalSection
EndGlobal
